// !$*UTF8*$!
{
	archiveVersion = 1;
	classes = {
	};
	objectVersion = 50;
	objects = {

/* Begin PBXBuildFile section */
		5A341C0D220999EE004F18C7 /* AppDelegate.swift in Sources */ = {isa = PBXBuildFile; fileRef = 5A341C0C220999EE004F18C7 /* AppDelegate.swift */; };
		5A341C0F220999EE004F18C7 /* ViewController.swift in Sources */ = {isa = PBXBuildFile; fileRef = 5A341C0E220999EE004F18C7 /* ViewController.swift */; };
		5A341C12220999EE004F18C7 /* Main.storyboard in Resources */ = {isa = PBXBuildFile; fileRef = 5A341C10220999EE004F18C7 /* Main.storyboard */; };
		5A341C14220999EF004F18C7 /* Assets.xcassets in Resources */ = {isa = PBXBuildFile; fileRef = 5A341C13220999EF004F18C7 /* Assets.xcassets */; };
		5A341C17220999EF004F18C7 /* LaunchScreen.storyboard in Resources */ = {isa = PBXBuildFile; fileRef = 5A341C15220999EF004F18C7 /* LaunchScreen.storyboard */; };
		5A341C2222099C14004F18C7 /* AnagramMapBuilder.swift in Sources */ = {isa = PBXBuildFile; fileRef = 5A341C1F22099C13004F18C7 /* AnagramMapBuilder.swift */; };
		5A341C2322099C14004F18C7 /* TextLoader.swift in Sources */ = {isa = PBXBuildFile; fileRef = 5A341C2022099C13004F18C7 /* TextLoader.swift */; };
		5A341C272209A08D004F18C7 /* wordlist.txt in Resources */ = {isa = PBXBuildFile; fileRef = 5A341C262209A08D004F18C7 /* wordlist.txt */; };
		5A341C30220A0012004F18C7 /* AppDelegate.swift in Sources */ = {isa = PBXBuildFile; fileRef = 5A341C2F220A0012004F18C7 /* AppDelegate.swift */; };
		5A341C32220A0012004F18C7 /* ViewController.swift in Sources */ = {isa = PBXBuildFile; fileRef = 5A341C31220A0012004F18C7 /* ViewController.swift */; };
		5A341C34220A0013004F18C7 /* Assets.xcassets in Resources */ = {isa = PBXBuildFile; fileRef = 5A341C33220A0013004F18C7 /* Assets.xcassets */; };
		5A341C37220A0013004F18C7 /* Main.storyboard in Resources */ = {isa = PBXBuildFile; fileRef = 5A341C35220A0013004F18C7 /* Main.storyboard */; };
		5A341C3E220A0096004F18C7 /* AnagramMapBuilder.swift in Sources */ = {isa = PBXBuildFile; fileRef = 5A341C1F22099C13004F18C7 /* AnagramMapBuilder.swift */; };
		5A341C3F220A0099004F18C7 /* TextLoader.swift in Sources */ = {isa = PBXBuildFile; fileRef = 5A341C2022099C13004F18C7 /* TextLoader.swift */; };
		5A341C41220A01E7004F18C7 /* wordlist.txt in Resources */ = {isa = PBXBuildFile; fileRef = 5A341C40220A016B004F18C7 /* wordlist.txt */; };
/* End PBXBuildFile section */

/* Begin PBXFileReference section */
		5A341C09220999EE004F18C7 /* AnagramCracker.app */ = {isa = PBXFileReference; explicitFileType = wrapper.application; includeInIndex = 0; path = AnagramCracker.app; sourceTree = BUILT_PRODUCTS_DIR; };
		5A341C0C220999EE004F18C7 /* AppDelegate.swift */ = {isa = PBXFileReference; lastKnownFileType = sourcecode.swift; path = AppDelegate.swift; sourceTree = "<group>"; };
		5A341C0E220999EE004F18C7 /* ViewController.swift */ = {isa = PBXFileReference; lastKnownFileType = sourcecode.swift; path = ViewController.swift; sourceTree = "<group>"; };
		5A341C11220999EE004F18C7 /* Base */ = {isa = PBXFileReference; lastKnownFileType = file.storyboard; name = Base; path = Base.lproj/Main.storyboard; sourceTree = "<group>"; };
		5A341C13220999EF004F18C7 /* Assets.xcassets */ = {isa = PBXFileReference; lastKnownFileType = folder.assetcatalog; path = Assets.xcassets; sourceTree = "<group>"; };
		5A341C16220999EF004F18C7 /* Base */ = {isa = PBXFileReference; lastKnownFileType = file.storyboard; name = Base; path = Base.lproj/LaunchScreen.storyboard; sourceTree = "<group>"; };
		5A341C18220999EF004F18C7 /* Info.plist */ = {isa = PBXFileReference; lastKnownFileType = text.plist.xml; path = Info.plist; sourceTree = "<group>"; };
		5A341C1F22099C13004F18C7 /* AnagramMapBuilder.swift */ = {isa = PBXFileReference; fileEncoding = 4; lastKnownFileType = sourcecode.swift; path = AnagramMapBuilder.swift; sourceTree = "<group>"; };
		5A341C2022099C13004F18C7 /* TextLoader.swift */ = {isa = PBXFileReference; fileEncoding = 4; lastKnownFileType = sourcecode.swift; path = TextLoader.swift; sourceTree = "<group>"; };
		5A341C262209A08D004F18C7 /* wordlist.txt */ = {isa = PBXFileReference; fileEncoding = 4; lastKnownFileType = text; path = wordlist.txt; sourceTree = "<group>"; };
		5A341C2D220A0012004F18C7 /* AnaGCracker.app */ = {isa = PBXFileReference; explicitFileType = wrapper.application; includeInIndex = 0; path = AnaGCracker.app; sourceTree = BUILT_PRODUCTS_DIR; };
		5A341C2F220A0012004F18C7 /* AppDelegate.swift */ = {isa = PBXFileReference; lastKnownFileType = sourcecode.swift; path = AppDelegate.swift; sourceTree = "<group>"; };
		5A341C31220A0012004F18C7 /* ViewController.swift */ = {isa = PBXFileReference; lastKnownFileType = sourcecode.swift; path = ViewController.swift; sourceTree = "<group>"; };
		5A341C33220A0013004F18C7 /* Assets.xcassets */ = {isa = PBXFileReference; lastKnownFileType = folder.assetcatalog; path = Assets.xcassets; sourceTree = "<group>"; };
		5A341C36220A0013004F18C7 /* Base */ = {isa = PBXFileReference; lastKnownFileType = file.storyboard; name = Base; path = Base.lproj/Main.storyboard; sourceTree = "<group>"; };
		5A341C38220A0013004F18C7 /* Info.plist */ = {isa = PBXFileReference; lastKnownFileType = text.plist.xml; path = Info.plist; sourceTree = "<group>"; };
		5A341C39220A0013004F18C7 /* AnaGCracker.entitlements */ = {isa = PBXFileReference; lastKnownFileType = text.plist.entitlements; path = AnaGCracker.entitlements; sourceTree = "<group>"; };
		5A341C40220A016B004F18C7 /* wordlist.txt */ = {isa = PBXFileReference; lastKnownFileType = text; path = wordlist.txt; sourceTree = "<group>"; };
/* End PBXFileReference section */

/* Begin PBXFrameworksBuildPhase section */
		5A341C06220999EE004F18C7 /* Frameworks */ = {
			isa = PBXFrameworksBuildPhase;
			buildActionMask = 2147483647;
			files = (
			);
			runOnlyForDeploymentPostprocessing = 0;
		};
		5A341C2A220A0012004F18C7 /* Frameworks */ = {
			isa = PBXFrameworksBuildPhase;
			buildActionMask = 2147483647;
			files = (
			);
			runOnlyForDeploymentPostprocessing = 0;
		};
/* End PBXFrameworksBuildPhase section */

/* Begin PBXGroup section */
		5A341C00220999EE004F18C7 = {
			isa = PBXGroup;
			children = (
				5A341C0B220999EE004F18C7 /* AnagramCracker */,
				5A341C2E220A0012004F18C7 /* AnaGCracker */,
				5A341C0A220999EE004F18C7 /* Products */,
			);
			sourceTree = "<group>";
		};
		5A341C0A220999EE004F18C7 /* Products */ = {
			isa = PBXGroup;
			children = (
				5A341C09220999EE004F18C7 /* AnagramCracker.app */,
				5A341C2D220A0012004F18C7 /* AnaGCracker.app */,
			);
			name = Products;
			sourceTree = "<group>";
		};
		5A341C0B220999EE004F18C7 /* AnagramCracker */ = {
			isa = PBXGroup;
			children = (
				5A341C282209B6F0004F18C7 /* Anagram Logic */,
				5A341C0C220999EE004F18C7 /* AppDelegate.swift */,
				5A341C0E220999EE004F18C7 /* ViewController.swift */,
				5A341C10220999EE004F18C7 /* Main.storyboard */,
				5A341C13220999EF004F18C7 /* Assets.xcassets */,
				5A341C15220999EF004F18C7 /* LaunchScreen.storyboard */,
				5A341C262209A08D004F18C7 /* wordlist.txt */,
				5A341C18220999EF004F18C7 /* Info.plist */,
			);
			path = AnagramCracker;
			sourceTree = "<group>";
		};
		5A341C282209B6F0004F18C7 /* Anagram Logic */ = {
			isa = PBXGroup;
			children = (
				5A341C1F22099C13004F18C7 /* AnagramMapBuilder.swift */,
				5A341C2022099C13004F18C7 /* TextLoader.swift */,
			);
			path = "Anagram Logic";
			sourceTree = "<group>";
		};
		5A341C2E220A0012004F18C7 /* AnaGCracker */ = {
			isa = PBXGroup;
			children = (
				5A341C40220A016B004F18C7 /* wordlist.txt */,
				5A341C2F220A0012004F18C7 /* AppDelegate.swift */,
				5A341C31220A0012004F18C7 /* ViewController.swift */,
				5A341C33220A0013004F18C7 /* Assets.xcassets */,
				5A341C35220A0013004F18C7 /* Main.storyboard */,
				5A341C38220A0013004F18C7 /* Info.plist */,
				5A341C39220A0013004F18C7 /* AnaGCracker.entitlements */,
			);
			path = AnaGCracker;
			sourceTree = "<group>";
		};
/* End PBXGroup section */

/* Begin PBXNativeTarget section */
		5A341C08220999EE004F18C7 /* AnagramCracker */ = {
			isa = PBXNativeTarget;
			buildConfigurationList = 5A341C1B220999EF004F18C7 /* Build configuration list for PBXNativeTarget "AnagramCracker" */;
			buildPhases = (
				5A341C05220999EE004F18C7 /* Sources */,
				5A341C06220999EE004F18C7 /* Frameworks */,
				5A341C07220999EE004F18C7 /* Resources */,
			);
			buildRules = (
			);
			dependencies = (
			);
			name = AnagramCracker;
			productName = AnagramCracker;
			productReference = 5A341C09220999EE004F18C7 /* AnagramCracker.app */;
			productType = "com.apple.product-type.application";
		};
		5A341C2C220A0012004F18C7 /* AnaGCracker */ = {
			isa = PBXNativeTarget;
			buildConfigurationList = 5A341C3A220A0013004F18C7 /* Build configuration list for PBXNativeTarget "AnaGCracker" */;
			buildPhases = (
				5A341C29220A0012004F18C7 /* Sources */,
				5A341C2A220A0012004F18C7 /* Frameworks */,
				5A341C2B220A0012004F18C7 /* Resources */,
			);
			buildRules = (
			);
			dependencies = (
			);
			name = AnaGCracker;
			productName = AnaGCracker;
			productReference = 5A341C2D220A0012004F18C7 /* AnaGCracker.app */;
			productType = "com.apple.product-type.application";
		};
/* End PBXNativeTarget section */

/* Begin PBXProject section */
		5A341C01220999EE004F18C7 /* Project object */ = {
			isa = PBXProject;
			attributes = {
				LastSwiftUpdateCheck = 1010;
				LastUpgradeCheck = 1010;
				ORGANIZATIONNAME = "Morten Albertsen";
				TargetAttributes = {
					5A341C08220999EE004F18C7 = {
						CreatedOnToolsVersion = 10.1;
					};
					5A341C2C220A0012004F18C7 = {
						CreatedOnToolsVersion = 10.1;
					};
				};
			};
			buildConfigurationList = 5A341C04220999EE004F18C7 /* Build configuration list for PBXProject "AnagramCracker" */;
			compatibilityVersion = "Xcode 9.3";
			developmentRegion = en;
			hasScannedForEncodings = 0;
			knownRegions = (
				en,
				Base,
			);
			mainGroup = 5A341C00220999EE004F18C7;
			productRefGroup = 5A341C0A220999EE004F18C7 /* Products */;
			projectDirPath = "";
			projectRoot = "";
			targets = (
				5A341C08220999EE004F18C7 /* AnagramCracker */,
				5A341C2C220A0012004F18C7 /* AnaGCracker */,
			);
		};
/* End PBXProject section */

/* Begin PBXResourcesBuildPhase section */
		5A341C07220999EE004F18C7 /* Resources */ = {
			isa = PBXResourcesBuildPhase;
			buildActionMask = 2147483647;
			files = (
				5A341C17220999EF004F18C7 /* LaunchScreen.storyboard in Resources */,
				5A341C14220999EF004F18C7 /* Assets.xcassets in Resources */,
				5A341C272209A08D004F18C7 /* wordlist.txt in Resources */,
				5A341C12220999EE004F18C7 /* Main.storyboard in Resources */,
			);
			runOnlyForDeploymentPostprocessing = 0;
		};
		5A341C2B220A0012004F18C7 /* Resources */ = {
			isa = PBXResourcesBuildPhase;
			buildActionMask = 2147483647;
			files = (
				5A341C34220A0013004F18C7 /* Assets.xcassets in Resources */,
				5A341C41220A01E7004F18C7 /* wordlist.txt in Resources */,
				5A341C37220A0013004F18C7 /* Main.storyboard in Resources */,
			);
			runOnlyForDeploymentPostprocessing = 0;
		};
/* End PBXResourcesBuildPhase section */

/* Begin PBXSourcesBuildPhase section */
		5A341C05220999EE004F18C7 /* Sources */ = {
			isa = PBXSourcesBuildPhase;
			buildActionMask = 2147483647;
			files = (
				5A341C0F220999EE004F18C7 /* ViewController.swift in Sources */,
				5A341C2222099C14004F18C7 /* AnagramMapBuilder.swift in Sources */,
				5A341C2322099C14004F18C7 /* TextLoader.swift in Sources */,
				5A341C0D220999EE004F18C7 /* AppDelegate.swift in Sources */,
			);
			runOnlyForDeploymentPostprocessing = 0;
		};
		5A341C29220A0012004F18C7 /* Sources */ = {
			isa = PBXSourcesBuildPhase;
			buildActionMask = 2147483647;
			files = (
				5A341C32220A0012004F18C7 /* ViewController.swift in Sources */,
				5A341C3E220A0096004F18C7 /* AnagramMapBuilder.swift in Sources */,
				5A341C3F220A0099004F18C7 /* TextLoader.swift in Sources */,
				5A341C30220A0012004F18C7 /* AppDelegate.swift in Sources */,
			);
			runOnlyForDeploymentPostprocessing = 0;
		};
/* End PBXSourcesBuildPhase section */

/* Begin PBXVariantGroup section */
		5A341C10220999EE004F18C7 /* Main.storyboard */ = {
			isa = PBXVariantGroup;
			children = (
				5A341C11220999EE004F18C7 /* Base */,
			);
			name = Main.storyboard;
			sourceTree = "<group>";
		};
		5A341C15220999EF004F18C7 /* LaunchScreen.storyboard */ = {
			isa = PBXVariantGroup;
			children = (
				5A341C16220999EF004F18C7 /* Base */,
			);
			name = LaunchScreen.storyboard;
			sourceTree = "<group>";
		};
		5A341C35220A0013004F18C7 /* Main.storyboard */ = {
			isa = PBXVariantGroup;
			children = (
				5A341C36220A0013004F18C7 /* Base */,
			);
			name = Main.storyboard;
			sourceTree = "<group>";
		};
/* End PBXVariantGroup section */

/* Begin XCBuildConfiguration section */
		5A341C19220999EF004F18C7 /* Debug */ = {
			isa = XCBuildConfiguration;
			buildSettings = {
				ALWAYS_SEARCH_USER_PATHS = NO;
				CLANG_ANALYZER_NONNULL = YES;
				CLANG_ANALYZER_NUMBER_OBJECT_CONVERSION = YES_AGGRESSIVE;
				CLANG_CXX_LANGUAGE_STANDARD = "gnu++14";
				CLANG_CXX_LIBRARY = "libc++";
				CLANG_ENABLE_MODULES = YES;
				CLANG_ENABLE_OBJC_ARC = YES;
				CLANG_ENABLE_OBJC_WEAK = YES;
				CLANG_WARN_BLOCK_CAPTURE_AUTORELEASING = YES;
				CLANG_WARN_BOOL_CONVERSION = YES;
				CLANG_WARN_COMMA = YES;
				CLANG_WARN_CONSTANT_CONVERSION = YES;
				CLANG_WARN_DEPRECATED_OBJC_IMPLEMENTATIONS = YES;
				CLANG_WARN_DIRECT_OBJC_ISA_USAGE = YES_ERROR;
				CLANG_WARN_DOCUMENTATION_COMMENTS = YES;
				CLANG_WARN_EMPTY_BODY = YES;
				CLANG_WARN_ENUM_CONVERSION = YES;
				CLANG_WARN_INFINITE_RECURSION = YES;
				CLANG_WARN_INT_CONVERSION = YES;
				CLANG_WARN_NON_LITERAL_NULL_CONVERSION = YES;
				CLANG_WARN_OBJC_IMPLICIT_RETAIN_SELF = YES;
				CLANG_WARN_OBJC_LITERAL_CONVERSION = YES;
				CLANG_WARN_OBJC_ROOT_CLASS = YES_ERROR;
				CLANG_WARN_RANGE_LOOP_ANALYSIS = YES;
				CLANG_WARN_STRICT_PROTOTYPES = YES;
				CLANG_WARN_SUSPICIOUS_MOVE = YES;
				CLANG_WARN_UNGUARDED_AVAILABILITY = YES_AGGRESSIVE;
				CLANG_WARN_UNREACHABLE_CODE = YES;
				CLANG_WARN__DUPLICATE_METHOD_MATCH = YES;
				CODE_SIGN_IDENTITY = "iPhone Developer";
				COPY_PHASE_STRIP = NO;
				DEBUG_INFORMATION_FORMAT = dwarf;
				ENABLE_STRICT_OBJC_MSGSEND = YES;
				ENABLE_TESTABILITY = YES;
				GCC_C_LANGUAGE_STANDARD = gnu11;
				GCC_DYNAMIC_NO_PIC = NO;
				GCC_NO_COMMON_BLOCKS = YES;
				GCC_OPTIMIZATION_LEVEL = 0;
				GCC_PREPROCESSOR_DEFINITIONS = (
					"DEBUG=1",
					"$(inherited)",
				);
				GCC_WARN_64_TO_32_BIT_CONVERSION = YES;
				GCC_WARN_ABOUT_RETURN_TYPE = YES_ERROR;
				GCC_WARN_UNDECLARED_SELECTOR = YES;
				GCC_WARN_UNINITIALIZED_AUTOS = YES_AGGRESSIVE;
				GCC_WARN_UNUSED_FUNCTION = YES;
				GCC_WARN_UNUSED_VARIABLE = YES;
				IPHONEOS_DEPLOYMENT_TARGET = 12.1;
				MTL_ENABLE_DEBUG_INFO = INCLUDE_SOURCE;
				MTL_FAST_MATH = YES;
				ONLY_ACTIVE_ARCH = YES;
				SDKROOT = iphoneos;
				SWIFT_ACTIVE_COMPILATION_CONDITIONS = DEBUG;
				SWIFT_OPTIMIZATION_LEVEL = "-Onone";
			};
			name = Debug;
		};
		5A341C1A220999EF004F18C7 /* Release */ = {
			isa = XCBuildConfiguration;
			buildSettings = {
				ALWAYS_SEARCH_USER_PATHS = NO;
				CLANG_ANALYZER_NONNULL = YES;
				CLANG_ANALYZER_NUMBER_OBJECT_CONVERSION = YES_AGGRESSIVE;
				CLANG_CXX_LANGUAGE_STANDARD = "gnu++14";
				CLANG_CXX_LIBRARY = "libc++";
				CLANG_ENABLE_MODULES = YES;
				CLANG_ENABLE_OBJC_ARC = YES;
				CLANG_ENABLE_OBJC_WEAK = YES;
				CLANG_WARN_BLOCK_CAPTURE_AUTORELEASING = YES;
				CLANG_WARN_BOOL_CONVERSION = YES;
				CLANG_WARN_COMMA = YES;
				CLANG_WARN_CONSTANT_CONVERSION = YES;
				CLANG_WARN_DEPRECATED_OBJC_IMPLEMENTATIONS = YES;
				CLANG_WARN_DIRECT_OBJC_ISA_USAGE = YES_ERROR;
				CLANG_WARN_DOCUMENTATION_COMMENTS = YES;
				CLANG_WARN_EMPTY_BODY = YES;
				CLANG_WARN_ENUM_CONVERSION = YES;
				CLANG_WARN_INFINITE_RECURSION = YES;
				CLANG_WARN_INT_CONVERSION = YES;
				CLANG_WARN_NON_LITERAL_NULL_CONVERSION = YES;
				CLANG_WARN_OBJC_IMPLICIT_RETAIN_SELF = YES;
				CLANG_WARN_OBJC_LITERAL_CONVERSION = YES;
				CLANG_WARN_OBJC_ROOT_CLASS = YES_ERROR;
				CLANG_WARN_RANGE_LOOP_ANALYSIS = YES;
				CLANG_WARN_STRICT_PROTOTYPES = YES;
				CLANG_WARN_SUSPICIOUS_MOVE = YES;
				CLANG_WARN_UNGUARDED_AVAILABILITY = YES_AGGRESSIVE;
				CLANG_WARN_UNREACHABLE_CODE = YES;
				CLANG_WARN__DUPLICATE_METHOD_MATCH = YES;
				CODE_SIGN_IDENTITY = "iPhone Developer";
				COPY_PHASE_STRIP = NO;
				DEBUG_INFORMATION_FORMAT = "dwarf-with-dsym";
				ENABLE_NS_ASSERTIONS = NO;
				ENABLE_STRICT_OBJC_MSGSEND = YES;
				GCC_C_LANGUAGE_STANDARD = gnu11;
				GCC_NO_COMMON_BLOCKS = YES;
				GCC_WARN_64_TO_32_BIT_CONVERSION = YES;
				GCC_WARN_ABOUT_RETURN_TYPE = YES_ERROR;
				GCC_WARN_UNDECLARED_SELECTOR = YES;
				GCC_WARN_UNINITIALIZED_AUTOS = YES_AGGRESSIVE;
				GCC_WARN_UNUSED_FUNCTION = YES;
				GCC_WARN_UNUSED_VARIABLE = YES;
				IPHONEOS_DEPLOYMENT_TARGET = 12.1;
				MTL_ENABLE_DEBUG_INFO = NO;
				MTL_FAST_MATH = YES;
				SDKROOT = iphoneos;
				SWIFT_COMPILATION_MODE = wholemodule;
				SWIFT_OPTIMIZATION_LEVEL = "-O";
				VALIDATE_PRODUCT = YES;
			};
			name = Release;
		};
		5A341C1C220999EF004F18C7 /* Debug */ = {
			isa = XCBuildConfiguration;
			buildSettings = {
				ASSETCATALOG_COMPILER_APPICON_NAME = AppIcon;
				CODE_SIGN_STYLE = Automatic;
				DEVELOPMENT_TEAM = N935DW9NJX;
				INFOPLIST_FILE = AnagramCracker/Info.plist;
				LD_RUNPATH_SEARCH_PATHS = (
					"$(inherited)",
					"@executable_path/Frameworks",
				);
				PRODUCT_BUNDLE_IDENTIFIER = Albertsen.AnagramCracker;
				PRODUCT_NAME = "$(TARGET_NAME)";
				SWIFT_VERSION = 4.2;
				TARGETED_DEVICE_FAMILY = "1,2";
			};
			name = Debug;
		};
		5A341C1D220999EF004F18C7 /* Release */ = {
			isa = XCBuildConfiguration;
			buildSettings = {
				ASSETCATALOG_COMPILER_APPICON_NAME = AppIcon;
				CODE_SIGN_STYLE = Automatic;
				DEVELOPMENT_TEAM = N935DW9NJX;
				INFOPLIST_FILE = AnagramCracker/Info.plist;
				LD_RUNPATH_SEARCH_PATHS = (
					"$(inherited)",
					"@executable_path/Frameworks",
				);
				PRODUCT_BUNDLE_IDENTIFIER = Albertsen.AnagramCracker;
				PRODUCT_NAME = "$(TARGET_NAME)";
				SWIFT_VERSION = 4.2;
				TARGETED_DEVICE_FAMILY = "1,2";
			};
			name = Release;
		};
		5A341C3B220A0013004F18C7 /* Debug */ = {
			isa = XCBuildConfiguration;
			buildSettings = {
				ASSETCATALOG_COMPILER_APPICON_NAME = AppIcon;
				CODE_SIGN_ENTITLEMENTS = AnaGCracker/AnaGCracker.entitlements;
				CODE_SIGN_IDENTITY = "Mac Developer";
				CODE_SIGN_STYLE = Automatic;
				COMBINE_HIDPI_IMAGES = YES;
				DEVELOPMENT_TEAM = N935DW9NJX;
				INFOPLIST_FILE = AnaGCracker/Info.plist;
				LD_RUNPATH_SEARCH_PATHS = (
					"$(inherited)",
					"@executable_path/../Frameworks",
				);
				MACOSX_DEPLOYMENT_TARGET = 10.14;
				PRODUCT_BUNDLE_IDENTIFIER = Albertsen.AnaGCracker;
				PRODUCT_NAME = "$(TARGET_NAME)";
				SDKROOT = macosx;
				SWIFT_VERSION = 4.2;
			};
			name = Debug;
		};
		5A341C3C220A0013004F18C7 /* Release */ = {
			isa = XCBuildConfiguration;
			buildSettings = {
				ASSETCATALOG_COMPILER_APPICON_NAME = AppIcon;
				CODE_SIGN_ENTITLEMENTS = AnaGCracker/AnaGCracker.entitlements;
				CODE_SIGN_IDENTITY = "Mac Developer";
				CODE_SIGN_STYLE = Automatic;
				COMBINE_HIDPI_IMAGES = YES;
				DEVELOPMENT_TEAM = N935DW9NJX;
				INFOPLIST_FILE = AnaGCracker/Info.plist;
				LD_RUNPATH_SEARCH_PATHS = (
					"$(inherited)",
					"@executable_path/../Frameworks",
				);
				MACOSX_DEPLOYMENT_TARGET = 10.14;
				PRODUCT_BUNDLE_IDENTIFIER = Albertsen.AnaGCracker;
				PRODUCT_NAME = "$(TARGET_NAME)";
				SDKROOT = macosx;
				SWIFT_VERSION = 4.2;
			};
			name = Release;
		};
/* End XCBuildConfiguration section */

/* Begin XCConfigurationList section */
		5A341C04220999EE004F18C7 /* Build configuration list for PBXProject "AnagramCracker" */ = {
			isa = XCConfigurationList;
			buildConfigurations = (
				5A341C19220999EF004F18C7 /* Debug */,
				5A341C1A220999EF004F18C7 /* Release */,
			);
			defaultConfigurationIsVisible = 0;
			defaultConfigurationName = Release;
		};
		5A341C1B220999EF004F18C7 /* Build configuration list for PBXNativeTarget "AnagramCracker" */ = {
			isa = XCConfigurationList;
			buildConfigurations = (
				5A341C1C220999EF004F18C7 /* Debug */,
				5A341C1D220999EF004F18C7 /* Release */,
			);
			defaultConfigurationIsVisible = 0;
			defaultConfigurationName = Release;
		};
		5A341C3A220A0013004F18C7 /* Build configuration list for PBXNativeTarget "AnaGCracker" */ = {
			isa = XCConfigurationList;
			buildConfigurations = (
				5A341C3B220A0013004F18C7 /* Debug */,
				5A341C3C220A0013004F18C7 /* Release */,
			);
			defaultConfigurationIsVisible = 0;
			defaultConfigurationName = Release;
		};
/* End XCConfigurationList section */
	};
	rootObject = 5A341C01220999EE004F18C7 /* Project object */;
}
